json
{
  "name": "scientific-calculator",
  "version": "1.0.0",
  "lockfileVersion": 2,
  "requires": true,
  "packages": {
    "@types/node": {
      "version": "16.14.16",
      "resolved": "https://registry.npmjs.org/@types/node/-/node-16.14.16.tgz",
      "integrity": "sha512-8QkQ1kXt1U4aW8g6LQZG5vW1Pv2u8R7j6Qg8q3Q3m7KlHm8w7VXjzP6zN8j5Bd3Z8WpRzIq7DQy+gR4v7H4Qn6Q==",
      "dependencies": {
        "tslib": "^2.2.0"
      }
    },
    "mathjs": {
      "version": "11.1.4",
      "resolved": "https://registry.npmjs.org/mathjs/-/mathjs-11.1.4.tgz",
      "integrity": "sha512-7u7lDg4zQ7Ojy5xKzRf5j9v6lq1w7K3pPjQjwHjzgUQjg8+8tVx7fK5v6v0j1J4zVv2k8k7q9aWg4mz8y8kY2A==",
      "requires": {
        "base32code": "^2.0.2",
        "base64-js": "^1.5.1",
        "bignumber.js": "8.9.0",
        "chai": "^4.3.6",
        "complex-step": "^0.1.4",
        "complex-step-require": "^0.1.3",
        "deep-is": "^0.3.1",
        "escodegen": "^2.1.0",
        "esprima": "^5.0.0",
        "fast-json-patch": "^3.1.3",
        "glob-parent": "^6.0.2",
        "is-chunked": "^2.0.0",
        "is-extglob": "^2.2.0",
        "is-plain-object": "^8.0.0",
        "is-regex": "^3.0.1",
        "json-stringify-safe": "^5.0.1",
        "mkdirp": "0.5.5",
        "moment-duration-format": "^3.0.2",
        "numbro": "^2.2.0",
        "numeral-systems": "^1.0.17",
        "path-is-inside": "^3.1.0",
        "pathkey": "^2.0.1",
        "random-number": "^3.3.1",
        "semver": "^7.3.7",
        "shebang-command": "^2.0.7",
        "shebang-regex": "^2.0.3",
        "string-hash": "^0.2.4",
        "string-prototype-startswith": "^3.0.0",
        "supports-color": "^7.1.0",
        "systeminformation": "^5.14.1",
        "tslib": "^2.2.0",
        "unzipper": "^0.6.7",
        "wordwrap": "^1.0.3"
      },
      "dependencies": {
        "@types/node": "^12.19.4"
      }
    },
    "systeminformation": {
      "version": "5.14.1",
      "resolved": "https://registry.npmjs.org/systeminformation/-/systeminformation-5.14.1.tgz",
      "integrity": "sha512-X6yQ4Y4n8tWv9i0zQ8QYR0XtFq7t1J6j3uWU3WgQG1+KuB9h8VjZGQZ1h1kVxQhK7Kg1xwZ+4w2Q9gW6eKq0gQ==",
      "requires": {
        "axios": "^0.21.1",
        "chalk": "^4.1.2",
        "child-process-debugger": "^1.0.1",
        "color-convert": "^2.0.1",
        "core-js": "^3.19.3",
        "deep-is": "^0.1.3",
        "emoji-regex": "^8.0.0",
        "escodegen": "^2.1.0",
        "esprima": "^6.7.2",
        "fast-xml-parser": "^3.0.2",
        "global-modules": "^2.0.0",
        "global-modules-sync": "^1.0.0",
        "global-prefix": "^4.0.1",
        "glob-union": "^15.2.0",
        "hostinfo": "^8.3.0",
        "is-array-ish": "^0.4.6",
        "is-chunked": "^2.0.0",
        "is-extglob": "^2.2.0",
        "is-extglob-sync": "^1.0.0",
        "is-func": "^2.0.0",
        "is-glob": "^4.0.0",
        "is-glob-sync": "^0.2.0",
        "is-number": "^7.0.0",
        "is-path-inside": "^3.1.0",
        "js-levenshtein": "^1.1.0",
        "lru-cache": "^7.6.1",
        "memory-cache": "^0.2.5",
        "mkdirp": "0.5.5",
        "npmlog": "^6.2.0",
        "path-is-inside": "^3.1.0",
        "pathkey": "^3.1.1",
        "promise-block-promise": "^0.2.0",
        "require-invariant": "^3.1.1",
        "semver": "^6.3.2",
        "shebang-command": "^2.0.0",
        "shebang-regex": "^2.0.0",
        "string-hash": "^0.2.4",
        "string-prototype-startswith": "^3.0.0",
        "supports-color": "^7.0.2",
        "systeminformation-udev-rules": "^1.0.1",
        "systeminformation-udev-rules-compiled": "^1.0.1",
        "tslib": "^2.2.0",
        "unzipper": "^0.6.7",
        "web-stream": "^0.2.10",
        "wordwrap": "^1.0.3"
      }
    },
    "express": {
      "version": "4.18.1",
      "resolved": "https://registry.npmjs.org/express/-/express-4.18.1.tgz",
      "integrity": "sha512-4f8mPc9i2Kt6xZx3kGyX1w8+Q3ZG9F2l2e2Q6wQKwH0W1zXQ1kK8bQhYf4uB7yZQxw6gYnW6XU9Kxv9X9ZuH2XQ==",
      "requires": {
        "accepts": "^1.3.8",
        "array-flatten": "^1.1.1",
        "body-parser": "1.20.0",
        "content-disposition": "^0.5.3",
        "content-security-policy": "^3.1.0",
        "cookie": "0.4.2",
        "cookie-signature": "^1.0.6",
        "debug": "^4.1.1",
        "depd": "^2.0.0",
        "etag": "^1.8.2",
        "express-session": "^1.22.1",
        "finalhandler": "^1.2.0",
        "fresh": "^0.5.1",
        "merge-descriptors": "^1.0.1",
        "methods": "^1.1.2",
        "mime": "^2.5.1",
        "mime-types": "2.1.35",
        "mkdirp": "1.0.4",
        "ms": "^2.1.2",
        "negotiator": "^0.6.2",
        "on-finished": "^2.3.0",
        "parameter": "^2.2.1",
        "path-to-regexp": "^0.1.7",
        "querystring-es6": "0.2.1",
        "raw-body": "2.4.0",
        "routes": "^2.6.1",
        "serve-static": "^1.15.0",
        "statuses": "^1.5.0",
        "type-is": "^1.6.18",
        "utils-merge": "1.0.1",
        "vary": "^1.